
Microsoft Visual Studio Solution File, Format Version 12.00
# Visual Studio 15
VisualStudioVersion = 15.0.28307.902
MinimumVisualStudioVersion = 10.0.40219.1
Project("{FAE04EC0-301F-11D3-BF4B-00C04F79EFBC}") = "PureSerilog", "PureSerilog\PureSerilog.csproj", "{51296D2E-D369-4221-9646-D78991343E28}"
EndProject
Project("{FAE04EC0-301F-11D3-BF4B-00C04F79EFBC}") = "FluentD", "FluentD\FluentD.csproj", "{52B41E37-AB1D-4D08-8BE9-D3E88A2C4FEF}"
EndProject
Global
	GlobalSection(SolutionConfigurationPlatforms) = preSolution
		Debug|Any CPU = Debug|Any CPU
		Release|Any CPU = Release|Any CPU
	EndGlobalSection
	GlobalSection(ProjectConfigurationPlatforms) = postSolution
		{51296D2E-D369-4221-9646-D78991343E28}.Debug|Any CPU.ActiveCfg = Debug|Any CPU
		{51296D2E-D369-4221-9646-D78991343E28}.Debug|Any CPU.Build.0 = Debug|Any CPU
		{51296D2E-D369-4221-9646-D78991343E28}.Release|Any CPU.ActiveCfg = Release|Any CPU
		{51296D2E-D369-4221-9646-D78991343E28}.Release|Any CPU.Build.0 = Release|Any CPU
		{52B41E37-AB1D-4D08-8BE9-D3E88A2C4FEF}.Debug|Any CPU.ActiveCfg = Debug|Any CPU
		{52B41E37-AB1D-4D08-8BE9-D3E88A2C4FEF}.Debug|Any CPU.Build.0 = Debug|Any CPU
		{52B41E37-AB1D-4D08-8BE9-D3E88A2C4FEF}.Release|Any CPU.ActiveCfg = Release|Any CPU
		{52B41E37-AB1D-4D08-8BE9-D3E88A2C4FEF}.Release|Any CPU.Build.0 = Release|Any CPU
	EndGlobalSection
	GlobalSection(SolutionProperties) = preSolution
		HideSolutionNode = FALSE
	EndGlobalSection
	GlobalSection(ExtensibilityGlobals) = postSolution
		SolutionGuid = {F1D2AF2B-7925-4C58-97FA-D24AB2C8F903}
	EndGlobalSection
EndGlobal
